github.com/joho/godotenv v1.3.0/go.mod h1:7hK45KPybAkOC6peb+G5yklZfMxEjkZhHbwpqxOKXbg=
github.com/kaizer666/goenvtools v1.0.0 h1:4FFPOTIxqwP38yAISZTiX8XO5VC+PHme4JFKxSLUoNI=
github.com/kaizer666/goenvtools v1.0.0/go.mod h1:616LLYVUPFRtiy4TfpF4Qjyu9WBpkfbh5FbMuTw34/s=
github.com/kaizer666/gologger v1.0.1 h1:WNHWV3+WB8dJxjhMhX2/+rc4jpnMmqUf+WaHZySIWWU=
github.com/kaizer666/gologger v1.0.1/go.mod h1:+qpD72cG/S9j3fvrxAl60b4apMIlW30q8ZHhojeM35Q=
github.com/kaizer666/log4go v1.0.0 h1:/boQObBjGG0aGtpRiEsDTLIbgVcjLNOufbg2oBwEN10=
github.com/kaizer666/log4go v1.0.0/go.mod h1:/lyulKhkHeqXFariQ/rUPZhq4IB7N0oSxYFYQtfRS+s=
